
Microsoft Visual Studio Solution File, Format Version 12.00
# Visual Studio 15
VisualStudioVersion = 15.0.27004.2005
MinimumVisualStudioVersion = 10.0.40219.1
Project("{FAE04EC0-301F-11D3-BF4B-00C04F79EFBC}") = "BLL", "BLL\BLL.csproj", "{2C09A78F-009B-484B-BD9B-9D9449EF2DB9}"
EndProject
Project("{FAE04EC0-301F-11D3-BF4B-00C04F79EFBC}") = "BLL.Interface", "BLL.Interface\BLL.Interface.csproj", "{1B2D5675-D8C7-4295-AA6C-A0D7B7B8909E}"
EndProject
Project("{FAE04EC0-301F-11D3-BF4B-00C04F79EFBC}") = "DAL.Interface", "DAL.Interface\DAL.Interface.csproj", "{9EE2284B-4AF7-4D6A-94A6-1909586C46B1}"
EndProject
Project("{FAE04EC0-301F-11D3-BF4B-00C04F79EFBC}") = "BLL.Tests", "BLL.Tests\BLL.Tests.csproj", "{EB02A5B6-7BD4-4FC5-9FD2-1AA53F937534}"
EndProject
Project("{FAE04EC0-301F-11D3-BF4B-00C04F79EFBC}") = "DependencyResolver", "DependencyResolver\DependencyResolver.csproj", "{508D88EF-8121-434B-A138-4C7D6B38BC99}"
EndProject
Project("{FAE04EC0-301F-11D3-BF4B-00C04F79EFBC}") = "DAL.EF", "DAL.EF\DAL.EF.csproj", "{ED8BC6A8-6BFF-4C58-8F4E-73CF2D6C6300}"
EndProject
Project("{FAE04EC0-301F-11D3-BF4B-00C04F79EFBC}") = "DAL.Fake", "DAL.Fake\DAL.Fake.csproj", "{3E054D9E-3B08-4229-91FB-881905975404}"
EndProject
Project("{FAE04EC0-301F-11D3-BF4B-00C04F79EFBC}") = "ORM", "ORM\ORM.csproj", "{6F60C1DE-EE6C-447D-A9DA-6C8C138016C5}"
EndProject
Project("{FAE04EC0-301F-11D3-BF4B-00C04F79EFBC}") = "MVC", "..\StairwayPattern\MVC\MVC.csproj", "{E0410A45-3D81-4E23-90BD-80E27772F653}"
EndProject
Project("{FAE04EC0-301F-11D3-BF4B-00C04F79EFBC}") = "ConsoleApp1", "ConsoleApp1\ConsoleApp1.csproj", "{9D043E31-A7E0-4430-B116-3B07A4FEA4DB}"
EndProject
Global
	GlobalSection(SolutionConfigurationPlatforms) = preSolution
		Debug|Any CPU = Debug|Any CPU
		Release|Any CPU = Release|Any CPU
	EndGlobalSection
	GlobalSection(ProjectConfigurationPlatforms) = postSolution
		{2C09A78F-009B-484B-BD9B-9D9449EF2DB9}.Debug|Any CPU.ActiveCfg = Debug|Any CPU
		{2C09A78F-009B-484B-BD9B-9D9449EF2DB9}.Debug|Any CPU.Build.0 = Debug|Any CPU
		{2C09A78F-009B-484B-BD9B-9D9449EF2DB9}.Release|Any CPU.ActiveCfg = Release|Any CPU
		{2C09A78F-009B-484B-BD9B-9D9449EF2DB9}.Release|Any CPU.Build.0 = Release|Any CPU
		{1B2D5675-D8C7-4295-AA6C-A0D7B7B8909E}.Debug|Any CPU.ActiveCfg = Debug|Any CPU
		{1B2D5675-D8C7-4295-AA6C-A0D7B7B8909E}.Debug|Any CPU.Build.0 = Debug|Any CPU
		{1B2D5675-D8C7-4295-AA6C-A0D7B7B8909E}.Release|Any CPU.ActiveCfg = Release|Any CPU
		{1B2D5675-D8C7-4295-AA6C-A0D7B7B8909E}.Release|Any CPU.Build.0 = Release|Any CPU
		{9EE2284B-4AF7-4D6A-94A6-1909586C46B1}.Debug|Any CPU.ActiveCfg = Debug|Any CPU
		{9EE2284B-4AF7-4D6A-94A6-1909586C46B1}.Debug|Any CPU.Build.0 = Debug|Any CPU
		{9EE2284B-4AF7-4D6A-94A6-1909586C46B1}.Release|Any CPU.ActiveCfg = Release|Any CPU
		{9EE2284B-4AF7-4D6A-94A6-1909586C46B1}.Release|Any CPU.Build.0 = Release|Any CPU
		{EB02A5B6-7BD4-4FC5-9FD2-1AA53F937534}.Debug|Any CPU.ActiveCfg = Debug|Any CPU
		{EB02A5B6-7BD4-4FC5-9FD2-1AA53F937534}.Debug|Any CPU.Build.0 = Debug|Any CPU
		{EB02A5B6-7BD4-4FC5-9FD2-1AA53F937534}.Release|Any CPU.ActiveCfg = Release|Any CPU
		{EB02A5B6-7BD4-4FC5-9FD2-1AA53F937534}.Release|Any CPU.Build.0 = Release|Any CPU
		{508D88EF-8121-434B-A138-4C7D6B38BC99}.Debug|Any CPU.ActiveCfg = Debug|Any CPU
		{508D88EF-8121-434B-A138-4C7D6B38BC99}.Debug|Any CPU.Build.0 = Debug|Any CPU
		{508D88EF-8121-434B-A138-4C7D6B38BC99}.Release|Any CPU.ActiveCfg = Release|Any CPU
		{508D88EF-8121-434B-A138-4C7D6B38BC99}.Release|Any CPU.Build.0 = Release|Any CPU
		{ED8BC6A8-6BFF-4C58-8F4E-73CF2D6C6300}.Debug|Any CPU.ActiveCfg = Debug|Any CPU
		{ED8BC6A8-6BFF-4C58-8F4E-73CF2D6C6300}.Debug|Any CPU.Build.0 = Debug|Any CPU
		{ED8BC6A8-6BFF-4C58-8F4E-73CF2D6C6300}.Release|Any CPU.ActiveCfg = Release|Any CPU
		{ED8BC6A8-6BFF-4C58-8F4E-73CF2D6C6300}.Release|Any CPU.Build.0 = Release|Any CPU
		{3E054D9E-3B08-4229-91FB-881905975404}.Debug|Any CPU.ActiveCfg = Debug|Any CPU
		{3E054D9E-3B08-4229-91FB-881905975404}.Debug|Any CPU.Build.0 = Debug|Any CPU
		{3E054D9E-3B08-4229-91FB-881905975404}.Release|Any CPU.ActiveCfg = Release|Any CPU
		{3E054D9E-3B08-4229-91FB-881905975404}.Release|Any CPU.Build.0 = Release|Any CPU
		{6F60C1DE-EE6C-447D-A9DA-6C8C138016C5}.Debug|Any CPU.ActiveCfg = Debug|Any CPU
		{6F60C1DE-EE6C-447D-A9DA-6C8C138016C5}.Debug|Any CPU.Build.0 = Debug|Any CPU
		{6F60C1DE-EE6C-447D-A9DA-6C8C138016C5}.Release|Any CPU.ActiveCfg = Release|Any CPU
		{6F60C1DE-EE6C-447D-A9DA-6C8C138016C5}.Release|Any CPU.Build.0 = Release|Any CPU
		{E0410A45-3D81-4E23-90BD-80E27772F653}.Debug|Any CPU.ActiveCfg = Debug|Any CPU
		{E0410A45-3D81-4E23-90BD-80E27772F653}.Debug|Any CPU.Build.0 = Debug|Any CPU
		{E0410A45-3D81-4E23-90BD-80E27772F653}.Release|Any CPU.ActiveCfg = Release|Any CPU
		{E0410A45-3D81-4E23-90BD-80E27772F653}.Release|Any CPU.Build.0 = Release|Any CPU
		{9D043E31-A7E0-4430-B116-3B07A4FEA4DB}.Debug|Any CPU.ActiveCfg = Debug|Any CPU
		{9D043E31-A7E0-4430-B116-3B07A4FEA4DB}.Debug|Any CPU.Build.0 = Debug|Any CPU
		{9D043E31-A7E0-4430-B116-3B07A4FEA4DB}.Release|Any CPU.ActiveCfg = Release|Any CPU
		{9D043E31-A7E0-4430-B116-3B07A4FEA4DB}.Release|Any CPU.Build.0 = Release|Any CPU
	EndGlobalSection
	GlobalSection(SolutionProperties) = preSolution
		HideSolutionNode = FALSE
	EndGlobalSection
	GlobalSection(ExtensibilityGlobals) = postSolution
		SolutionGuid = {D7C6F4C2-72CD-4E84-B72D-46EF344487E9}
	EndGlobalSection
EndGlobal
